
Microsoft Visual Studio Solution File, Format Version 12.00
# Visual Studio Version 16
VisualStudioVersion = 16.0.31702.278
MinimumVisualStudioVersion = 10.0.40219.1
Project("{FAE04EC0-301F-11D3-BF4B-00C04F79EFBC}") = "OnlineMarketPlace", "OnlineMarketPlace.csproj", "{C0C917B8-213B-4884-B9F4-F941E3550F1D}"
EndProject
Global
	GlobalSection(SolutionConfigurationPlatforms) = preSolution
		Debug|Any CPU = Debug|Any CPU
		Release|Any CPU = Release|Any CPU
	EndGlobalSection
	GlobalSection(ProjectConfigurationPlatforms) = postSolution
		{C0C917B8-213B-4884-B9F4-F941E3550F1D}.Debug|Any CPU.ActiveCfg = Debug|Any CPU
		{C0C917B8-213B-4884-B9F4-F941E3550F1D}.Debug|Any CPU.Build.0 = Debug|Any CPU
		{C0C917B8-213B-4884-B9F4-F941E3550F1D}.Release|Any CPU.ActiveCfg = Release|Any CPU
		{C0C917B8-213B-4884-B9F4-F941E3550F1D}.Release|Any CPU.Build.0 = Release|Any CPU
	EndGlobalSection
	GlobalSection(SolutionProperties) = preSolution
		HideSolutionNode = FALSE
	EndGlobalSection
	GlobalSection(ExtensibilityGlobals) = postSolution
		SolutionGuid = {C3332636-D230-4015-A75A-B361850FDB38}
	EndGlobalSection
EndGlobal
